
Microsoft Visual Studio Solution File, Format Version 12.00
# Visual Studio 2013
VisualStudioVersion = 12.0.21005.1
MinimumVisualStudioVersion = 10.0.40219.1
Project("{2150E333-8FDC-42A3-9474-1A3956D46DE8}") = "1-Layer(分层)", "1-Layer(分层)", "{BFDEDF38-7779-4B5F-9C99-11DB54C8C936}"
EndProject
Project("{2150E333-8FDC-42A3-9474-1A3956D46DE8}") = "2-Script(脚本)", "2-Script(脚本)", "{529D3E9C-8EBF-475A-A53A-48B8EAB14443}"
EndProject
Project("{2150E333-8FDC-42A3-9474-1A3956D46DE8}") = "3-Document(文档)", "3-Document(文档)", "{9407FD49-2508-4956-A63E-335D51EA4C34}"
EndProject
Project("{2150E333-8FDC-42A3-9474-1A3956D46DE8}") = "1.1-Presentation(展现层)", "1.1-Presentation(展现层)", "{7DF7C9AD-34DD-4B2E-AF43-B1CC69C65BF8}"
EndProject
Project("{2150E333-8FDC-42A3-9474-1A3956D46DE8}") = "1.3-Domain(业务领域层)", "1.3-Domain(业务领域层)", "{49AEBAF9-6E78-4EAE-9BBD-EB938F07797B}"
EndProject
Project("{2150E333-8FDC-42A3-9474-1A3956D46DE8}") = "1.4-Infrastruture(基础设施层)", "1.4-Infrastruture(基础设施层)", "{D38862CC-306B-421D-8BC0-63A973567147}"
EndProject
Project("{2150E333-8FDC-42A3-9474-1A3956D46DE8}") = "2.1-DBScript(数据库脚本)", "2.1-DBScript(数据库脚本)", "{47871699-877B-41F1-9C0B-32CEE10EAA45}"
EndProject
Project("{2150E333-8FDC-42A3-9474-1A3956D46DE8}") = "2.2-TestScript(测试脚本)", "2.2-TestScript(测试脚本)", "{8308911A-8BC4-443A-9036-2F892F656B2D}"
EndProject
Project("{2150E333-8FDC-42A3-9474-1A3956D46DE8}") = "2.3-DeployScript(部署脚本)", "2.3-DeployScript(部署脚本)", "{59482EAB-31E9-453F-B5BA-8F555C5E628B}"
EndProject
Project("{2150E333-8FDC-42A3-9474-1A3956D46DE8}") = "3.1-RequireDocument(需求文档)", "3.1-RequireDocument(需求文档)", "{F61B0EAD-CF63-4536-8F55-F7C657DFB331}"
EndProject
Project("{2150E333-8FDC-42A3-9474-1A3956D46DE8}") = "3.2-AnalyticsDocument(分析文档)", "3.2-AnalyticsDocument(分析文档)", "{64033F4B-0C2E-4C54-BDBB-6988C27D8073}"
EndProject
Project("{2150E333-8FDC-42A3-9474-1A3956D46DE8}") = "3.3-DesignDocument(设计文档)", "3.3-DesignDocument(设计文档)", "{D62E2973-F702-4C96-928A-FE2E60C08B6E}"
EndProject
Project("{2150E333-8FDC-42A3-9474-1A3956D46DE8}") = "3.4-TestDocument(测试文档)", "3.4-TestDocument(测试文档)", "{C453E8BE-DDB1-4368-A453-9E6439885605}"
EndProject
Project("{2150E333-8FDC-42A3-9474-1A3956D46DE8}") = "1.5-Distributed(服务分发层)", "1.5-Distributed(服务分发层)", "{F827EA77-976C-4573-A9D6-513904A5E19F}"
EndProject
Project("{2150E333-8FDC-42A3-9474-1A3956D46DE8}") = "1.2-Application(应用层)", "1.2-Application(应用层)", "{9E2D87FC-0FE5-40D7-977F-3192440018BA}"
EndProject
Project("{2150E333-8FDC-42A3-9474-1A3956D46DE8}") = "3.5-DeployDocument(部署文档)", "3.5-DeployDocument(部署文档)", "{99CC2D38-EAB4-44C3-8119-3481BC127B88}"
EndProject
Project("{2150E333-8FDC-42A3-9474-1A3956D46DE8}") = "1.6-Plugins(插件层)", "1.6-Plugins(插件层)", "{6EA63AD2-9A1B-4263-85CC-5FADD6906E96}"
EndProject
Project("{FAE04EC0-301F-11D3-BF4B-00C04F79EFBC}") = "Elysee.Domain.Value", "Elysee.Domain.Value\Elysee.Domain.Value.csproj", "{3E30FFCC-F69E-4CE9-A28B-4B3B1D989576}"
EndProject
Project("{FAE04EC0-301F-11D3-BF4B-00C04F79EFBC}") = "Elysee.Domain.Service", "Elysee.Domain.Service\Elysee.Domain.Service.csproj", "{061746B1-DE56-4297-AD49-F650254C7E70}"
EndProject
Project("{FAE04EC0-301F-11D3-BF4B-00C04F79EFBC}") = "Elysee.Appliction.Service", "Elysee.Appliction.Service\Elysee.Appliction.Service.csproj", "{85480378-4C2A-4188-8C04-703469FD7DEF}"
EndProject
Project("{FAE04EC0-301F-11D3-BF4B-00C04F79EFBC}") = "Elysee.Infrastruture.Service", "Elysee.Infrastruture.Service\Elysee.Infrastruture.Service.csproj", "{6D33E00C-3313-49FC-A561-D8E088D160AE}"
EndProject
Project("{FAE04EC0-301F-11D3-BF4B-00C04F79EFBC}") = "Elysee.Infrastruture.Core", "Elysee.Infrastruture.Core\Elysee.Infrastruture.Core.csproj", "{CB5EE9C7-02CD-4D0F-830F-743DE6C1269E}"
EndProject
Project("{FAE04EC0-301F-11D3-BF4B-00C04F79EFBC}") = "Elysee.Domain.IRepository", "Elysee.Domain.IRepository\Elysee.Domain.IRepository.csproj", "{397A1C89-8332-4A0B-A68B-9D351565DD31}"
EndProject
Project("{FAE04EC0-301F-11D3-BF4B-00C04F79EFBC}") = "Elysee.Infrastruture.Repository", "Elysee.Infrastruture.Repository\Elysee.Infrastruture.Repository.csproj", "{C6A9EFC2-0CCB-4A6E-A987-A5A90B4D2115}"
EndProject
Project("{FAE04EC0-301F-11D3-BF4B-00C04F79EFBC}") = "Elysee.Appliction.DTO", "Elysee.Appliction.DTO\Elysee.Appliction.DTO.csproj", "{6DCEE663-E644-4112-9D8F-51583C340C10}"
EndProject
Project("{FAE04EC0-301F-11D3-BF4B-00C04F79EFBC}") = "Elysee.Appliction.Assembler", "Elysee.Appliction.Assembler\Elysee.Appliction.Assembler.csproj", "{87A2B546-5FDB-4C9E-A516-ADAF90CC0401}"
EndProject
Project("{FAE04EC0-301F-11D3-BF4B-00C04F79EFBC}") = "Elysee.Domain.IService", "Elysee.Domain.IService\Elysee.Domain.IService.csproj", "{1EB47A16-67AA-42A1-B0A2-77EE6D9034A1}"
EndProject
Project("{FAE04EC0-301F-11D3-BF4B-00C04F79EFBC}") = "Elysee.Infrastruture.Common", "Elysee.Infrastruture.Common\Elysee.Infrastruture.Common.csproj", "{5D2F4D45-89E7-4D58-920E-5D1A45C2CBBC}"
EndProject
Project("{FAE04EC0-301F-11D3-BF4B-00C04F79EFBC}") = "Elysee.Domain.Model", "Elysee.Domain.Model\Elysee.Domain.Model.csproj", "{6499C2A6-774B-4BB6-A7AC-85EC28E1AD99}"
EndProject
Project("{FAE04EC0-301F-11D3-BF4B-00C04F79EFBC}") = "Elysee.Infrastruture.Entity", "Elysee.Infrastruture.Entity\Elysee.Infrastruture.Entity.csproj", "{2570B27C-81F8-48F9-8A9B-EA4045D75231}"
EndProject
Project("{FAE04EC0-301F-11D3-BF4B-00C04F79EFBC}") = "Elysee.Domain.IAggregate", "Elysee.Domain.IAggregate\Elysee.Domain.IAggregate.csproj", "{810A976F-5CE5-48F3-B305-180B6C8E54BF}"
EndProject
Project("{FAE04EC0-301F-11D3-BF4B-00C04F79EFBC}") = "Elysee.Domain.Aggregate", "Elysee.Domain.Aggregate\Elysee.Domain.Aggregate.csproj", "{42FA5D5E-D978-4672-90AA-03CD8B9EE423}"
EndProject
Project("{FAE04EC0-301F-11D3-BF4B-00C04F79EFBC}") = "Elysee.OA.Web", "Elysee.OA.Web\Elysee.OA.Web.csproj", "{3126F1B9-E80A-4530-9D78-C93C985C2636}"
EndProject
Project("{FAE04EC0-301F-11D3-BF4B-00C04F79EFBC}") = "Elysee.OA.Web.Tests", "Elysee.OA.Web.Tests\Elysee.OA.Web.Tests.csproj", "{1D005901-E4D1-4429-8B2B-A48C181D46DF}"
EndProject
Project("{FAE04EC0-301F-11D3-BF4B-00C04F79EFBC}") = "Elysee.HR.Web", "Elysee.HR.Web\Elysee.HR.Web.csproj", "{A4A1C51A-20F0-459F-A205-AD35947BE90C}"
EndProject
Project("{FAE04EC0-301F-11D3-BF4B-00C04F79EFBC}") = "Elysee.HR.Web.Tests", "Elysee.HR.Web.Tests\Elysee.HR.Web.Tests.csproj", "{3F54DF32-4B06-4772-B7CE-B4BF7DCDE91F}"
EndProject
Project("{FAE04EC0-301F-11D3-BF4B-00C04F79EFBC}") = "Elysee.CRM.Web", "Elysee.CRM.Web\Elysee.CRM.Web.csproj", "{3DDDDA37-0BD5-4CCF-87EF-6ACEC541156C}"
EndProject
Project("{FAE04EC0-301F-11D3-BF4B-00C04F79EFBC}") = "Elysee.CRM.Web.Tests", "Elysee.CRM.Web.Tests\Elysee.CRM.Web.Tests.csproj", "{8F8F5CF9-7803-4184-A2F8-635DEDC0A797}"
EndProject
Project("{FAE04EC0-301F-11D3-BF4B-00C04F79EFBC}") = "Elysee.CMS.Web", "Elysee.CMS.Web\Elysee.CMS.Web.csproj", "{9D1A8AF5-3752-4139-81A8-1F465CC4671F}"
EndProject
Project("{FAE04EC0-301F-11D3-BF4B-00C04F79EFBC}") = "Elysee.CMS.Web.Tests", "Elysee.CMS.Web.Tests\Elysee.CMS.Web.Tests.csproj", "{739C886E-1AF1-4780-8F31-ED650BF35B09}"
EndProject
Project("{FAE04EC0-301F-11D3-BF4B-00C04F79EFBC}") = "Elysee.SCM.Web", "Elysee.SCM.Web\Elysee.SCM.Web.csproj", "{7DE0B8F9-65A6-4608-A43F-DE4335A6F076}"
EndProject
Project("{FAE04EC0-301F-11D3-BF4B-00C04F79EFBC}") = "Elysee.SCM.Web.Tests", "Elysee.SCM.Web.Tests\Elysee.SCM.Web.Tests.csproj", "{734B6CCF-41D8-4AC1-8AE9-16E0A7E90EBD}"
EndProject
Global
	GlobalSection(SolutionConfigurationPlatforms) = preSolution
		Debug|Any CPU = Debug|Any CPU
		Debug|ARM = Debug|ARM
		Debug|x86 = Debug|x86
		Release|Any CPU = Release|Any CPU
		Release|ARM = Release|ARM
		Release|x86 = Release|x86
	EndGlobalSection
	GlobalSection(ProjectConfigurationPlatforms) = postSolution
		{3E30FFCC-F69E-4CE9-A28B-4B3B1D989576}.Debug|Any CPU.ActiveCfg = Debug|Any CPU
		{3E30FFCC-F69E-4CE9-A28B-4B3B1D989576}.Debug|Any CPU.Build.0 = Debug|Any CPU
		{3E30FFCC-F69E-4CE9-A28B-4B3B1D989576}.Debug|ARM.ActiveCfg = Debug|Any CPU
		{3E30FFCC-F69E-4CE9-A28B-4B3B1D989576}.Debug|x86.ActiveCfg = Debug|Any CPU
		{3E30FFCC-F69E-4CE9-A28B-4B3B1D989576}.Release|Any CPU.ActiveCfg = Release|Any CPU
		{3E30FFCC-F69E-4CE9-A28B-4B3B1D989576}.Release|Any CPU.Build.0 = Release|Any CPU
		{3E30FFCC-F69E-4CE9-A28B-4B3B1D989576}.Release|ARM.ActiveCfg = Release|Any CPU
		{3E30FFCC-F69E-4CE9-A28B-4B3B1D989576}.Release|x86.ActiveCfg = Release|Any CPU
		{061746B1-DE56-4297-AD49-F650254C7E70}.Debug|Any CPU.ActiveCfg = Debug|Any CPU
		{061746B1-DE56-4297-AD49-F650254C7E70}.Debug|Any CPU.Build.0 = Debug|Any CPU
		{061746B1-DE56-4297-AD49-F650254C7E70}.Debug|ARM.ActiveCfg = Debug|Any CPU
		{061746B1-DE56-4297-AD49-F650254C7E70}.Debug|x86.ActiveCfg = Debug|Any CPU
		{061746B1-DE56-4297-AD49-F650254C7E70}.Release|Any CPU.ActiveCfg = Release|Any CPU
		{061746B1-DE56-4297-AD49-F650254C7E70}.Release|Any CPU.Build.0 = Release|Any CPU
		{061746B1-DE56-4297-AD49-F650254C7E70}.Release|ARM.ActiveCfg = Release|Any CPU
		{061746B1-DE56-4297-AD49-F650254C7E70}.Release|x86.ActiveCfg = Release|Any CPU
		{85480378-4C2A-4188-8C04-703469FD7DEF}.Debug|Any CPU.ActiveCfg = Debug|Any CPU
		{85480378-4C2A-4188-8C04-703469FD7DEF}.Debug|Any CPU.Build.0 = Debug|Any CPU
		{85480378-4C2A-4188-8C04-703469FD7DEF}.Debug|ARM.ActiveCfg = Debug|Any CPU
		{85480378-4C2A-4188-8C04-703469FD7DEF}.Debug|x86.ActiveCfg = Debug|Any CPU
		{85480378-4C2A-4188-8C04-703469FD7DEF}.Release|Any CPU.ActiveCfg = Release|Any CPU
		{85480378-4C2A-4188-8C04-703469FD7DEF}.Release|Any CPU.Build.0 = Release|Any CPU
		{85480378-4C2A-4188-8C04-703469FD7DEF}.Release|ARM.ActiveCfg = Release|Any CPU
		{85480378-4C2A-4188-8C04-703469FD7DEF}.Release|x86.ActiveCfg = Release|Any CPU
		{6D33E00C-3313-49FC-A561-D8E088D160AE}.Debug|Any CPU.ActiveCfg = Debug|Any CPU
		{6D33E00C-3313-49FC-A561-D8E088D160AE}.Debug|Any CPU.Build.0 = Debug|Any CPU
		{6D33E00C-3313-49FC-A561-D8E088D160AE}.Debug|ARM.ActiveCfg = Debug|Any CPU
		{6D33E00C-3313-49FC-A561-D8E088D160AE}.Debug|x86.ActiveCfg = Debug|Any CPU
		{6D33E00C-3313-49FC-A561-D8E088D160AE}.Release|Any CPU.ActiveCfg = Release|Any CPU
		{6D33E00C-3313-49FC-A561-D8E088D160AE}.Release|Any CPU.Build.0 = Release|Any CPU
		{6D33E00C-3313-49FC-A561-D8E088D160AE}.Release|ARM.ActiveCfg = Release|Any CPU
		{6D33E00C-3313-49FC-A561-D8E088D160AE}.Release|x86.ActiveCfg = Release|Any CPU
		{CB5EE9C7-02CD-4D0F-830F-743DE6C1269E}.Debug|Any CPU.ActiveCfg = Debug|Any CPU
		{CB5EE9C7-02CD-4D0F-830F-743DE6C1269E}.Debug|Any CPU.Build.0 = Debug|Any CPU
		{CB5EE9C7-02CD-4D0F-830F-743DE6C1269E}.Debug|ARM.ActiveCfg = Debug|Any CPU
		{CB5EE9C7-02CD-4D0F-830F-743DE6C1269E}.Debug|x86.ActiveCfg = Debug|Any CPU
		{CB5EE9C7-02CD-4D0F-830F-743DE6C1269E}.Release|Any CPU.ActiveCfg = Release|Any CPU
		{CB5EE9C7-02CD-4D0F-830F-743DE6C1269E}.Release|Any CPU.Build.0 = Release|Any CPU
		{CB5EE9C7-02CD-4D0F-830F-743DE6C1269E}.Release|ARM.ActiveCfg = Release|Any CPU
		{CB5EE9C7-02CD-4D0F-830F-743DE6C1269E}.Release|x86.ActiveCfg = Release|Any CPU
		{397A1C89-8332-4A0B-A68B-9D351565DD31}.Debug|Any CPU.ActiveCfg = Debug|Any CPU
		{397A1C89-8332-4A0B-A68B-9D351565DD31}.Debug|Any CPU.Build.0 = Debug|Any CPU
		{397A1C89-8332-4A0B-A68B-9D351565DD31}.Debug|ARM.ActiveCfg = Debug|Any CPU
		{397A1C89-8332-4A0B-A68B-9D351565DD31}.Debug|x86.ActiveCfg = Debug|Any CPU
		{397A1C89-8332-4A0B-A68B-9D351565DD31}.Release|Any CPU.ActiveCfg = Release|Any CPU
		{397A1C89-8332-4A0B-A68B-9D351565DD31}.Release|Any CPU.Build.0 = Release|Any CPU
		{397A1C89-8332-4A0B-A68B-9D351565DD31}.Release|ARM.ActiveCfg = Release|Any CPU
		{397A1C89-8332-4A0B-A68B-9D351565DD31}.Release|x86.ActiveCfg = Release|Any CPU
		{C6A9EFC2-0CCB-4A6E-A987-A5A90B4D2115}.Debug|Any CPU.ActiveCfg = Debug|Any CPU
		{C6A9EFC2-0CCB-4A6E-A987-A5A90B4D2115}.Debug|Any CPU.Build.0 = Debug|Any CPU
		{C6A9EFC2-0CCB-4A6E-A987-A5A90B4D2115}.Debug|ARM.ActiveCfg = Debug|Any CPU
		{C6A9EFC2-0CCB-4A6E-A987-A5A90B4D2115}.Debug|x86.ActiveCfg = Debug|Any CPU
		{C6A9EFC2-0CCB-4A6E-A987-A5A90B4D2115}.Release|Any CPU.ActiveCfg = Release|Any CPU
		{C6A9EFC2-0CCB-4A6E-A987-A5A90B4D2115}.Release|Any CPU.Build.0 = Release|Any CPU
		{C6A9EFC2-0CCB-4A6E-A987-A5A90B4D2115}.Release|ARM.ActiveCfg = Release|Any CPU
		{C6A9EFC2-0CCB-4A6E-A987-A5A90B4D2115}.Release|x86.ActiveCfg = Release|Any CPU
		{6DCEE663-E644-4112-9D8F-51583C340C10}.Debug|Any CPU.ActiveCfg = Debug|Any CPU
		{6DCEE663-E644-4112-9D8F-51583C340C10}.Debug|Any CPU.Build.0 = Debug|Any CPU
		{6DCEE663-E644-4112-9D8F-51583C340C10}.Debug|ARM.ActiveCfg = Debug|Any CPU
		{6DCEE663-E644-4112-9D8F-51583C340C10}.Debug|x86.ActiveCfg = Debug|Any CPU
		{6DCEE663-E644-4112-9D8F-51583C340C10}.Release|Any CPU.ActiveCfg = Release|Any CPU
		{6DCEE663-E644-4112-9D8F-51583C340C10}.Release|Any CPU.Build.0 = Release|Any CPU
		{6DCEE663-E644-4112-9D8F-51583C340C10}.Release|ARM.ActiveCfg = Release|Any CPU
		{6DCEE663-E644-4112-9D8F-51583C340C10}.Release|x86.ActiveCfg = Release|Any CPU
		{87A2B546-5FDB-4C9E-A516-ADAF90CC0401}.Debug|Any CPU.ActiveCfg = Debug|Any CPU
		{87A2B546-5FDB-4C9E-A516-ADAF90CC0401}.Debug|Any CPU.Build.0 = Debug|Any CPU
		{87A2B546-5FDB-4C9E-A516-ADAF90CC0401}.Debug|ARM.ActiveCfg = Debug|Any CPU
		{87A2B546-5FDB-4C9E-A516-ADAF90CC0401}.Debug|x86.ActiveCfg = Debug|Any CPU
		{87A2B546-5FDB-4C9E-A516-ADAF90CC0401}.Release|Any CPU.ActiveCfg = Release|Any CPU
		{87A2B546-5FDB-4C9E-A516-ADAF90CC0401}.Release|Any CPU.Build.0 = Release|Any CPU
		{87A2B546-5FDB-4C9E-A516-ADAF90CC0401}.Release|ARM.ActiveCfg = Release|Any CPU
		{87A2B546-5FDB-4C9E-A516-ADAF90CC0401}.Release|x86.ActiveCfg = Release|Any CPU
		{1EB47A16-67AA-42A1-B0A2-77EE6D9034A1}.Debug|Any CPU.ActiveCfg = Debug|Any CPU
		{1EB47A16-67AA-42A1-B0A2-77EE6D9034A1}.Debug|Any CPU.Build.0 = Debug|Any CPU
		{1EB47A16-67AA-42A1-B0A2-77EE6D9034A1}.Debug|ARM.ActiveCfg = Debug|Any CPU
		{1EB47A16-67AA-42A1-B0A2-77EE6D9034A1}.Debug|x86.ActiveCfg = Debug|Any CPU
		{1EB47A16-67AA-42A1-B0A2-77EE6D9034A1}.Release|Any CPU.ActiveCfg = Release|Any CPU
		{1EB47A16-67AA-42A1-B0A2-77EE6D9034A1}.Release|Any CPU.Build.0 = Release|Any CPU
		{1EB47A16-67AA-42A1-B0A2-77EE6D9034A1}.Release|ARM.ActiveCfg = Release|Any CPU
		{1EB47A16-67AA-42A1-B0A2-77EE6D9034A1}.Release|x86.ActiveCfg = Release|Any CPU
		{5D2F4D45-89E7-4D58-920E-5D1A45C2CBBC}.Debug|Any CPU.ActiveCfg = Debug|Any CPU
		{5D2F4D45-89E7-4D58-920E-5D1A45C2CBBC}.Debug|Any CPU.Build.0 = Debug|Any CPU
		{5D2F4D45-89E7-4D58-920E-5D1A45C2CBBC}.Debug|ARM.ActiveCfg = Debug|Any CPU
		{5D2F4D45-89E7-4D58-920E-5D1A45C2CBBC}.Debug|x86.ActiveCfg = Debug|Any CPU
		{5D2F4D45-89E7-4D58-920E-5D1A45C2CBBC}.Release|Any CPU.ActiveCfg = Release|Any CPU
		{5D2F4D45-89E7-4D58-920E-5D1A45C2CBBC}.Release|Any CPU.Build.0 = Release|Any CPU
		{5D2F4D45-89E7-4D58-920E-5D1A45C2CBBC}.Release|ARM.ActiveCfg = Release|Any CPU
		{5D2F4D45-89E7-4D58-920E-5D1A45C2CBBC}.Release|x86.ActiveCfg = Release|Any CPU
		{6499C2A6-774B-4BB6-A7AC-85EC28E1AD99}.Debug|Any CPU.ActiveCfg = Debug|Any CPU
		{6499C2A6-774B-4BB6-A7AC-85EC28E1AD99}.Debug|Any CPU.Build.0 = Debug|Any CPU
		{6499C2A6-774B-4BB6-A7AC-85EC28E1AD99}.Debug|ARM.ActiveCfg = Debug|Any CPU
		{6499C2A6-774B-4BB6-A7AC-85EC28E1AD99}.Debug|x86.ActiveCfg = Debug|Any CPU
		{6499C2A6-774B-4BB6-A7AC-85EC28E1AD99}.Release|Any CPU.ActiveCfg = Release|Any CPU
		{6499C2A6-774B-4BB6-A7AC-85EC28E1AD99}.Release|Any CPU.Build.0 = Release|Any CPU
		{6499C2A6-774B-4BB6-A7AC-85EC28E1AD99}.Release|ARM.ActiveCfg = Release|Any CPU
		{6499C2A6-774B-4BB6-A7AC-85EC28E1AD99}.Release|x86.ActiveCfg = Release|Any CPU
		{2570B27C-81F8-48F9-8A9B-EA4045D75231}.Debug|Any CPU.ActiveCfg = Debug|Any CPU
		{2570B27C-81F8-48F9-8A9B-EA4045D75231}.Debug|Any CPU.Build.0 = Debug|Any CPU
		{2570B27C-81F8-48F9-8A9B-EA4045D75231}.Debug|ARM.ActiveCfg = Debug|Any CPU
		{2570B27C-81F8-48F9-8A9B-EA4045D75231}.Debug|x86.ActiveCfg = Debug|Any CPU
		{2570B27C-81F8-48F9-8A9B-EA4045D75231}.Release|Any CPU.ActiveCfg = Release|Any CPU
		{2570B27C-81F8-48F9-8A9B-EA4045D75231}.Release|Any CPU.Build.0 = Release|Any CPU
		{2570B27C-81F8-48F9-8A9B-EA4045D75231}.Release|ARM.ActiveCfg = Release|Any CPU
		{2570B27C-81F8-48F9-8A9B-EA4045D75231}.Release|x86.ActiveCfg = Release|Any CPU
		{810A976F-5CE5-48F3-B305-180B6C8E54BF}.Debug|Any CPU.ActiveCfg = Debug|Any CPU
		{810A976F-5CE5-48F3-B305-180B6C8E54BF}.Debug|Any CPU.Build.0 = Debug|Any CPU
		{810A976F-5CE5-48F3-B305-180B6C8E54BF}.Debug|ARM.ActiveCfg = Debug|Any CPU
		{810A976F-5CE5-48F3-B305-180B6C8E54BF}.Debug|x86.ActiveCfg = Debug|Any CPU
		{810A976F-5CE5-48F3-B305-180B6C8E54BF}.Release|Any CPU.ActiveCfg = Release|Any CPU
		{810A976F-5CE5-48F3-B305-180B6C8E54BF}.Release|Any CPU.Build.0 = Release|Any CPU
		{810A976F-5CE5-48F3-B305-180B6C8E54BF}.Release|ARM.ActiveCfg = Release|Any CPU
		{810A976F-5CE5-48F3-B305-180B6C8E54BF}.Release|x86.ActiveCfg = Release|Any CPU
		{42FA5D5E-D978-4672-90AA-03CD8B9EE423}.Debug|Any CPU.ActiveCfg = Debug|Any CPU
		{42FA5D5E-D978-4672-90AA-03CD8B9EE423}.Debug|Any CPU.Build.0 = Debug|Any CPU
		{42FA5D5E-D978-4672-90AA-03CD8B9EE423}.Debug|ARM.ActiveCfg = Debug|Any CPU
		{42FA5D5E-D978-4672-90AA-03CD8B9EE423}.Debug|x86.ActiveCfg = Debug|Any CPU
		{42FA5D5E-D978-4672-90AA-03CD8B9EE423}.Release|Any CPU.ActiveCfg = Release|Any CPU
		{42FA5D5E-D978-4672-90AA-03CD8B9EE423}.Release|Any CPU.Build.0 = Release|Any CPU
		{42FA5D5E-D978-4672-90AA-03CD8B9EE423}.Release|ARM.ActiveCfg = Release|Any CPU
		{42FA5D5E-D978-4672-90AA-03CD8B9EE423}.Release|x86.ActiveCfg = Release|Any CPU
		{3126F1B9-E80A-4530-9D78-C93C985C2636}.Debug|Any CPU.ActiveCfg = Debug|Any CPU
		{3126F1B9-E80A-4530-9D78-C93C985C2636}.Debug|Any CPU.Build.0 = Debug|Any CPU
		{3126F1B9-E80A-4530-9D78-C93C985C2636}.Debug|ARM.ActiveCfg = Debug|Any CPU
		{3126F1B9-E80A-4530-9D78-C93C985C2636}.Debug|x86.ActiveCfg = Debug|Any CPU
		{3126F1B9-E80A-4530-9D78-C93C985C2636}.Release|Any CPU.ActiveCfg = Release|Any CPU
		{3126F1B9-E80A-4530-9D78-C93C985C2636}.Release|Any CPU.Build.0 = Release|Any CPU
		{3126F1B9-E80A-4530-9D78-C93C985C2636}.Release|ARM.ActiveCfg = Release|Any CPU
		{3126F1B9-E80A-4530-9D78-C93C985C2636}.Release|x86.ActiveCfg = Release|Any CPU
		{1D005901-E4D1-4429-8B2B-A48C181D46DF}.Debug|Any CPU.ActiveCfg = Debug|Any CPU
		{1D005901-E4D1-4429-8B2B-A48C181D46DF}.Debug|Any CPU.Build.0 = Debug|Any CPU
		{1D005901-E4D1-4429-8B2B-A48C181D46DF}.Debug|ARM.ActiveCfg = Debug|Any CPU
		{1D005901-E4D1-4429-8B2B-A48C181D46DF}.Debug|x86.ActiveCfg = Debug|Any CPU
		{1D005901-E4D1-4429-8B2B-A48C181D46DF}.Release|Any CPU.ActiveCfg = Release|Any CPU
		{1D005901-E4D1-4429-8B2B-A48C181D46DF}.Release|Any CPU.Build.0 = Release|Any CPU
		{1D005901-E4D1-4429-8B2B-A48C181D46DF}.Release|ARM.ActiveCfg = Release|Any CPU
		{1D005901-E4D1-4429-8B2B-A48C181D46DF}.Release|x86.ActiveCfg = Release|Any CPU
		{A4A1C51A-20F0-459F-A205-AD35947BE90C}.Debug|Any CPU.ActiveCfg = Debug|Any CPU
		{A4A1C51A-20F0-459F-A205-AD35947BE90C}.Debug|Any CPU.Build.0 = Debug|Any CPU
		{A4A1C51A-20F0-459F-A205-AD35947BE90C}.Debug|ARM.ActiveCfg = Debug|Any CPU
		{A4A1C51A-20F0-459F-A205-AD35947BE90C}.Debug|x86.ActiveCfg = Debug|Any CPU
		{A4A1C51A-20F0-459F-A205-AD35947BE90C}.Release|Any CPU.ActiveCfg = Release|Any CPU
		{A4A1C51A-20F0-459F-A205-AD35947BE90C}.Release|Any CPU.Build.0 = Release|Any CPU
		{A4A1C51A-20F0-459F-A205-AD35947BE90C}.Release|ARM.ActiveCfg = Release|Any CPU
		{A4A1C51A-20F0-459F-A205-AD35947BE90C}.Release|x86.ActiveCfg = Release|Any CPU
		{3F54DF32-4B06-4772-B7CE-B4BF7DCDE91F}.Debug|Any CPU.ActiveCfg = Debug|Any CPU
		{3F54DF32-4B06-4772-B7CE-B4BF7DCDE91F}.Debug|Any CPU.Build.0 = Debug|Any CPU
		{3F54DF32-4B06-4772-B7CE-B4BF7DCDE91F}.Debug|ARM.ActiveCfg = Debug|Any CPU
		{3F54DF32-4B06-4772-B7CE-B4BF7DCDE91F}.Debug|x86.ActiveCfg = Debug|Any CPU
		{3F54DF32-4B06-4772-B7CE-B4BF7DCDE91F}.Release|Any CPU.ActiveCfg = Release|Any CPU
		{3F54DF32-4B06-4772-B7CE-B4BF7DCDE91F}.Release|Any CPU.Build.0 = Release|Any CPU
		{3F54DF32-4B06-4772-B7CE-B4BF7DCDE91F}.Release|ARM.ActiveCfg = Release|Any CPU
		{3F54DF32-4B06-4772-B7CE-B4BF7DCDE91F}.Release|x86.ActiveCfg = Release|Any CPU
		{3DDDDA37-0BD5-4CCF-87EF-6ACEC541156C}.Debug|Any CPU.ActiveCfg = Debug|Any CPU
		{3DDDDA37-0BD5-4CCF-87EF-6ACEC541156C}.Debug|Any CPU.Build.0 = Debug|Any CPU
		{3DDDDA37-0BD5-4CCF-87EF-6ACEC541156C}.Debug|ARM.ActiveCfg = Debug|Any CPU
		{3DDDDA37-0BD5-4CCF-87EF-6ACEC541156C}.Debug|x86.ActiveCfg = Debug|Any CPU
		{3DDDDA37-0BD5-4CCF-87EF-6ACEC541156C}.Release|Any CPU.ActiveCfg = Release|Any CPU
		{3DDDDA37-0BD5-4CCF-87EF-6ACEC541156C}.Release|Any CPU.Build.0 = Release|Any CPU
		{3DDDDA37-0BD5-4CCF-87EF-6ACEC541156C}.Release|ARM.ActiveCfg = Release|Any CPU
		{3DDDDA37-0BD5-4CCF-87EF-6ACEC541156C}.Release|x86.ActiveCfg = Release|Any CPU
		{8F8F5CF9-7803-4184-A2F8-635DEDC0A797}.Debug|Any CPU.ActiveCfg = Debug|Any CPU
		{8F8F5CF9-7803-4184-A2F8-635DEDC0A797}.Debug|Any CPU.Build.0 = Debug|Any CPU
		{8F8F5CF9-7803-4184-A2F8-635DEDC0A797}.Debug|ARM.ActiveCfg = Debug|Any CPU
		{8F8F5CF9-7803-4184-A2F8-635DEDC0A797}.Debug|x86.ActiveCfg = Debug|Any CPU
		{8F8F5CF9-7803-4184-A2F8-635DEDC0A797}.Release|Any CPU.ActiveCfg = Release|Any CPU
		{8F8F5CF9-7803-4184-A2F8-635DEDC0A797}.Release|Any CPU.Build.0 = Release|Any CPU
		{8F8F5CF9-7803-4184-A2F8-635DEDC0A797}.Release|ARM.ActiveCfg = Release|Any CPU
		{8F8F5CF9-7803-4184-A2F8-635DEDC0A797}.Release|x86.ActiveCfg = Release|Any CPU
		{9D1A8AF5-3752-4139-81A8-1F465CC4671F}.Debug|Any CPU.ActiveCfg = Debug|Any CPU
		{9D1A8AF5-3752-4139-81A8-1F465CC4671F}.Debug|Any CPU.Build.0 = Debug|Any CPU
		{9D1A8AF5-3752-4139-81A8-1F465CC4671F}.Debug|ARM.ActiveCfg = Debug|Any CPU
		{9D1A8AF5-3752-4139-81A8-1F465CC4671F}.Debug|x86.ActiveCfg = Debug|Any CPU
		{9D1A8AF5-3752-4139-81A8-1F465CC4671F}.Release|Any CPU.ActiveCfg = Release|Any CPU
		{9D1A8AF5-3752-4139-81A8-1F465CC4671F}.Release|Any CPU.Build.0 = Release|Any CPU
		{9D1A8AF5-3752-4139-81A8-1F465CC4671F}.Release|ARM.ActiveCfg = Release|Any CPU
		{9D1A8AF5-3752-4139-81A8-1F465CC4671F}.Release|x86.ActiveCfg = Release|Any CPU
		{739C886E-1AF1-4780-8F31-ED650BF35B09}.Debug|Any CPU.ActiveCfg = Debug|Any CPU
		{739C886E-1AF1-4780-8F31-ED650BF35B09}.Debug|Any CPU.Build.0 = Debug|Any CPU
		{739C886E-1AF1-4780-8F31-ED650BF35B09}.Debug|ARM.ActiveCfg = Debug|Any CPU
		{739C886E-1AF1-4780-8F31-ED650BF35B09}.Debug|x86.ActiveCfg = Debug|Any CPU
		{739C886E-1AF1-4780-8F31-ED650BF35B09}.Release|Any CPU.ActiveCfg = Release|Any CPU
		{739C886E-1AF1-4780-8F31-ED650BF35B09}.Release|Any CPU.Build.0 = Release|Any CPU
		{739C886E-1AF1-4780-8F31-ED650BF35B09}.Release|ARM.ActiveCfg = Release|Any CPU
		{739C886E-1AF1-4780-8F31-ED650BF35B09}.Release|x86.ActiveCfg = Release|Any CPU
		{7DE0B8F9-65A6-4608-A43F-DE4335A6F076}.Debug|Any CPU.ActiveCfg = Debug|Any CPU
		{7DE0B8F9-65A6-4608-A43F-DE4335A6F076}.Debug|Any CPU.Build.0 = Debug|Any CPU
		{7DE0B8F9-65A6-4608-A43F-DE4335A6F076}.Debug|ARM.ActiveCfg = Debug|Any CPU
		{7DE0B8F9-65A6-4608-A43F-DE4335A6F076}.Debug|x86.ActiveCfg = Debug|Any CPU
		{7DE0B8F9-65A6-4608-A43F-DE4335A6F076}.Release|Any CPU.ActiveCfg = Release|Any CPU
		{7DE0B8F9-65A6-4608-A43F-DE4335A6F076}.Release|Any CPU.Build.0 = Release|Any CPU
		{7DE0B8F9-65A6-4608-A43F-DE4335A6F076}.Release|ARM.ActiveCfg = Release|Any CPU
		{7DE0B8F9-65A6-4608-A43F-DE4335A6F076}.Release|x86.ActiveCfg = Release|Any CPU
		{734B6CCF-41D8-4AC1-8AE9-16E0A7E90EBD}.Debug|Any CPU.ActiveCfg = Debug|Any CPU
		{734B6CCF-41D8-4AC1-8AE9-16E0A7E90EBD}.Debug|Any CPU.Build.0 = Debug|Any CPU
		{734B6CCF-41D8-4AC1-8AE9-16E0A7E90EBD}.Debug|ARM.ActiveCfg = Debug|Any CPU
		{734B6CCF-41D8-4AC1-8AE9-16E0A7E90EBD}.Debug|x86.ActiveCfg = Debug|Any CPU
		{734B6CCF-41D8-4AC1-8AE9-16E0A7E90EBD}.Release|Any CPU.ActiveCfg = Release|Any CPU
		{734B6CCF-41D8-4AC1-8AE9-16E0A7E90EBD}.Release|Any CPU.Build.0 = Release|Any CPU
		{734B6CCF-41D8-4AC1-8AE9-16E0A7E90EBD}.Release|ARM.ActiveCfg = Release|Any CPU
		{734B6CCF-41D8-4AC1-8AE9-16E0A7E90EBD}.Release|x86.ActiveCfg = Release|Any CPU
	EndGlobalSection
	GlobalSection(SolutionProperties) = preSolution
		HideSolutionNode = FALSE
	EndGlobalSection
	GlobalSection(NestedProjects) = preSolution
		{7DF7C9AD-34DD-4B2E-AF43-B1CC69C65BF8} = {BFDEDF38-7779-4B5F-9C99-11DB54C8C936}
		{49AEBAF9-6E78-4EAE-9BBD-EB938F07797B} = {BFDEDF38-7779-4B5F-9C99-11DB54C8C936}
		{D38862CC-306B-421D-8BC0-63A973567147} = {BFDEDF38-7779-4B5F-9C99-11DB54C8C936}
		{F827EA77-976C-4573-A9D6-513904A5E19F} = {BFDEDF38-7779-4B5F-9C99-11DB54C8C936}
		{9E2D87FC-0FE5-40D7-977F-3192440018BA} = {BFDEDF38-7779-4B5F-9C99-11DB54C8C936}
		{6EA63AD2-9A1B-4263-85CC-5FADD6906E96} = {BFDEDF38-7779-4B5F-9C99-11DB54C8C936}
		{47871699-877B-41F1-9C0B-32CEE10EAA45} = {529D3E9C-8EBF-475A-A53A-48B8EAB14443}
		{8308911A-8BC4-443A-9036-2F892F656B2D} = {529D3E9C-8EBF-475A-A53A-48B8EAB14443}
		{59482EAB-31E9-453F-B5BA-8F555C5E628B} = {529D3E9C-8EBF-475A-A53A-48B8EAB14443}
		{F61B0EAD-CF63-4536-8F55-F7C657DFB331} = {9407FD49-2508-4956-A63E-335D51EA4C34}
		{64033F4B-0C2E-4C54-BDBB-6988C27D8073} = {9407FD49-2508-4956-A63E-335D51EA4C34}
		{D62E2973-F702-4C96-928A-FE2E60C08B6E} = {9407FD49-2508-4956-A63E-335D51EA4C34}
		{C453E8BE-DDB1-4368-A453-9E6439885605} = {9407FD49-2508-4956-A63E-335D51EA4C34}
		{99CC2D38-EAB4-44C3-8119-3481BC127B88} = {9407FD49-2508-4956-A63E-335D51EA4C34}
		{3126F1B9-E80A-4530-9D78-C93C985C2636} = {7DF7C9AD-34DD-4B2E-AF43-B1CC69C65BF8}
		{1D005901-E4D1-4429-8B2B-A48C181D46DF} = {7DF7C9AD-34DD-4B2E-AF43-B1CC69C65BF8}
		{A4A1C51A-20F0-459F-A205-AD35947BE90C} = {7DF7C9AD-34DD-4B2E-AF43-B1CC69C65BF8}
		{3F54DF32-4B06-4772-B7CE-B4BF7DCDE91F} = {7DF7C9AD-34DD-4B2E-AF43-B1CC69C65BF8}
		{3DDDDA37-0BD5-4CCF-87EF-6ACEC541156C} = {7DF7C9AD-34DD-4B2E-AF43-B1CC69C65BF8}
		{8F8F5CF9-7803-4184-A2F8-635DEDC0A797} = {7DF7C9AD-34DD-4B2E-AF43-B1CC69C65BF8}
		{9D1A8AF5-3752-4139-81A8-1F465CC4671F} = {7DF7C9AD-34DD-4B2E-AF43-B1CC69C65BF8}
		{739C886E-1AF1-4780-8F31-ED650BF35B09} = {7DF7C9AD-34DD-4B2E-AF43-B1CC69C65BF8}
		{7DE0B8F9-65A6-4608-A43F-DE4335A6F076} = {7DF7C9AD-34DD-4B2E-AF43-B1CC69C65BF8}
		{734B6CCF-41D8-4AC1-8AE9-16E0A7E90EBD} = {7DF7C9AD-34DD-4B2E-AF43-B1CC69C65BF8}
		{3E30FFCC-F69E-4CE9-A28B-4B3B1D989576} = {49AEBAF9-6E78-4EAE-9BBD-EB938F07797B}
		{061746B1-DE56-4297-AD49-F650254C7E70} = {49AEBAF9-6E78-4EAE-9BBD-EB938F07797B}
		{397A1C89-8332-4A0B-A68B-9D351565DD31} = {49AEBAF9-6E78-4EAE-9BBD-EB938F07797B}
		{1EB47A16-67AA-42A1-B0A2-77EE6D9034A1} = {49AEBAF9-6E78-4EAE-9BBD-EB938F07797B}
		{6499C2A6-774B-4BB6-A7AC-85EC28E1AD99} = {49AEBAF9-6E78-4EAE-9BBD-EB938F07797B}
		{810A976F-5CE5-48F3-B305-180B6C8E54BF} = {49AEBAF9-6E78-4EAE-9BBD-EB938F07797B}
		{42FA5D5E-D978-4672-90AA-03CD8B9EE423} = {49AEBAF9-6E78-4EAE-9BBD-EB938F07797B}
		{6D33E00C-3313-49FC-A561-D8E088D160AE} = {D38862CC-306B-421D-8BC0-63A973567147}
		{CB5EE9C7-02CD-4D0F-830F-743DE6C1269E} = {D38862CC-306B-421D-8BC0-63A973567147}
		{C6A9EFC2-0CCB-4A6E-A987-A5A90B4D2115} = {D38862CC-306B-421D-8BC0-63A973567147}
		{5D2F4D45-89E7-4D58-920E-5D1A45C2CBBC} = {D38862CC-306B-421D-8BC0-63A973567147}
		{2570B27C-81F8-48F9-8A9B-EA4045D75231} = {D38862CC-306B-421D-8BC0-63A973567147}
		{85480378-4C2A-4188-8C04-703469FD7DEF} = {9E2D87FC-0FE5-40D7-977F-3192440018BA}
		{6DCEE663-E644-4112-9D8F-51583C340C10} = {9E2D87FC-0FE5-40D7-977F-3192440018BA}
		{87A2B546-5FDB-4C9E-A516-ADAF90CC0401} = {9E2D87FC-0FE5-40D7-977F-3192440018BA}
	EndGlobalSection
EndGlobal
