
Microsoft Visual Studio Solution File, Format Version 12.00
# Visual Studio 2013
VisualStudioVersion = 12.0.21005.1
MinimumVisualStudioVersion = 10.0.40219.1
Project("{2150E333-8FDC-42A3-9474-1A3956D46DE8}") = "1-Layer(分层)", "1-Layer(分层)", "{BFDEDF38-7779-4B5F-9C99-11DB54C8C936}"
EndProject
Project("{2150E333-8FDC-42A3-9474-1A3956D46DE8}") = "2-Script(脚本)", "2-Script(脚本)", "{529D3E9C-8EBF-475A-A53A-48B8EAB14443}"
EndProject
Project("{2150E333-8FDC-42A3-9474-1A3956D46DE8}") = "3-Document(文档)", "3-Document(文档)", "{9407FD49-2508-4956-A63E-335D51EA4C34}"
EndProject
Project("{2150E333-8FDC-42A3-9474-1A3956D46DE8}") = "1.1-Presentation(展现层)", "1.1-Presentation(展现层)", "{7DF7C9AD-34DD-4B2E-AF43-B1CC69C65BF8}"
EndProject
Project("{2150E333-8FDC-42A3-9474-1A3956D46DE8}") = "1.3-Domain(业务领域层)", "1.3-Domain(业务领域层)", "{49AEBAF9-6E78-4EAE-9BBD-EB938F07797B}"
EndProject
Project("{2150E333-8FDC-42A3-9474-1A3956D46DE8}") = "1.4-Infrastruture(基础设施层)", "1.4-Infrastruture(基础设施层)", "{D38862CC-306B-421D-8BC0-63A973567147}"
EndProject
Project("{2150E333-8FDC-42A3-9474-1A3956D46DE8}") = "2.1-DBScript(数据库脚本)", "2.1-DBScript(数据库脚本)", "{47871699-877B-41F1-9C0B-32CEE10EAA45}"
EndProject
Project("{2150E333-8FDC-42A3-9474-1A3956D46DE8}") = "2.2-TestScript(测试脚本)", "2.2-TestScript(测试脚本)", "{8308911A-8BC4-443A-9036-2F892F656B2D}"
EndProject
Project("{2150E333-8FDC-42A3-9474-1A3956D46DE8}") = "2.3-DeployScript(部署脚本)", "2.3-DeployScript(部署脚本)", "{59482EAB-31E9-453F-B5BA-8F555C5E628B}"
EndProject
Project("{2150E333-8FDC-42A3-9474-1A3956D46DE8}") = "3.1-RequireDocument(需求文档)", "3.1-RequireDocument(需求文档)", "{F61B0EAD-CF63-4536-8F55-F7C657DFB331}"
EndProject
Project("{2150E333-8FDC-42A3-9474-1A3956D46DE8}") = "3.2-AnalyticsDocument(分析文档)", "3.2-AnalyticsDocument(分析文档)", "{64033F4B-0C2E-4C54-BDBB-6988C27D8073}"
EndProject
Project("{2150E333-8FDC-42A3-9474-1A3956D46DE8}") = "3.3-DesignDocument(设计文档)", "3.3-DesignDocument(设计文档)", "{D62E2973-F702-4C96-928A-FE2E60C08B6E}"
EndProject
Project("{2150E333-8FDC-42A3-9474-1A3956D46DE8}") = "3.4-TestDocument(测试文档)", "3.4-TestDocument(测试文档)", "{C453E8BE-DDB1-4368-A453-9E6439885605}"
EndProject
Project("{2150E333-8FDC-42A3-9474-1A3956D46DE8}") = "1.5-Distributed(服务分发层)", "1.5-Distributed(服务分发层)", "{F827EA77-976C-4573-A9D6-513904A5E19F}"
EndProject
Project("{2150E333-8FDC-42A3-9474-1A3956D46DE8}") = "1.2-Application(应用层)", "1.2-Application(应用层)", "{9E2D87FC-0FE5-40D7-977F-3192440018BA}"
EndProject
Project("{FAE04EC0-301F-11D3-BF4B-00C04F79EFBC}") = "Elysee.Weixin", "Elysee.Weixin\Elysee.Weixin.csproj", "{8CA8275D-4895-484C-9823-F48B7F5E632A}"
EndProject
Project("{FAE04EC0-301F-11D3-BF4B-00C04F79EFBC}") = "Elysee.Weixin.Tests", "Elysee.Weixin.Tests\Elysee.Weixin.Tests.csproj", "{713938CB-B194-4AA7-A510-87F98280D677}"
EndProject
Project("{FAE04EC0-301F-11D3-BF4B-00C04F79EFBC}") = "Elysee.Web", "Elysee.Web\Elysee.Web.csproj", "{A4FCDE94-C9D4-404C-8605-12308F97C098}"
EndProject
Project("{FAE04EC0-301F-11D3-BF4B-00C04F79EFBC}") = "Elysee.Web.Tests", "Elysee.Web.Tests\Elysee.Web.Tests.csproj", "{DF0FC667-3409-4ED2-9D3E-C1623D937B4C}"
EndProject
Project("{FAE04EC0-301F-11D3-BF4B-00C04F79EFBC}") = "Elysee.Phone", "Elysee.Phone\Elysee.Phone.csproj", "{AC83022C-EF3C-4E71-B2E6-2602553E67EF}"
EndProject
Project("{FAE04EC0-301F-11D3-BF4B-00C04F79EFBC}") = "Elysee.WindowsForm", "Elysee.WindowsForm\Elysee.WindowsForm.csproj", "{EF3CFAAE-7068-482F-A5AC-D7EF1D6DEC77}"
EndProject
Project("{2150E333-8FDC-42A3-9474-1A3956D46DE8}") = "3.5-DeployDocument(部署文档)", "3.5-DeployDocument(部署文档)", "{99CC2D38-EAB4-44C3-8119-3481BC127B88}"
EndProject
Project("{2150E333-8FDC-42A3-9474-1A3956D46DE8}") = "1.6-Plugins(插件层)", "1.6-Plugins(插件层)", "{6EA63AD2-9A1B-4263-85CC-5FADD6906E96}"
EndProject
Project("{FAE04EC0-301F-11D3-BF4B-00C04F79EFBC}") = "Elysee.Core", "Elysee.Core\Elysee.Core.csproj", "{2739CE23-4B83-49A8-AB7A-6317F3B47BF7}"
EndProject
Global
	GlobalSection(SolutionConfigurationPlatforms) = preSolution
		Debug|Any CPU = Debug|Any CPU
		Debug|ARM = Debug|ARM
		Debug|x86 = Debug|x86
		Release|Any CPU = Release|Any CPU
		Release|ARM = Release|ARM
		Release|x86 = Release|x86
	EndGlobalSection
	GlobalSection(ProjectConfigurationPlatforms) = postSolution
		{8CA8275D-4895-484C-9823-F48B7F5E632A}.Debug|Any CPU.ActiveCfg = Debug|Any CPU
		{8CA8275D-4895-484C-9823-F48B7F5E632A}.Debug|Any CPU.Build.0 = Debug|Any CPU
		{8CA8275D-4895-484C-9823-F48B7F5E632A}.Debug|ARM.ActiveCfg = Debug|Any CPU
		{8CA8275D-4895-484C-9823-F48B7F5E632A}.Debug|x86.ActiveCfg = Debug|Any CPU
		{8CA8275D-4895-484C-9823-F48B7F5E632A}.Release|Any CPU.ActiveCfg = Release|Any CPU
		{8CA8275D-4895-484C-9823-F48B7F5E632A}.Release|Any CPU.Build.0 = Release|Any CPU
		{8CA8275D-4895-484C-9823-F48B7F5E632A}.Release|ARM.ActiveCfg = Release|Any CPU
		{8CA8275D-4895-484C-9823-F48B7F5E632A}.Release|x86.ActiveCfg = Release|Any CPU
		{713938CB-B194-4AA7-A510-87F98280D677}.Debug|Any CPU.ActiveCfg = Debug|Any CPU
		{713938CB-B194-4AA7-A510-87F98280D677}.Debug|Any CPU.Build.0 = Debug|Any CPU
		{713938CB-B194-4AA7-A510-87F98280D677}.Debug|ARM.ActiveCfg = Debug|Any CPU
		{713938CB-B194-4AA7-A510-87F98280D677}.Debug|x86.ActiveCfg = Debug|Any CPU
		{713938CB-B194-4AA7-A510-87F98280D677}.Release|Any CPU.ActiveCfg = Release|Any CPU
		{713938CB-B194-4AA7-A510-87F98280D677}.Release|Any CPU.Build.0 = Release|Any CPU
		{713938CB-B194-4AA7-A510-87F98280D677}.Release|ARM.ActiveCfg = Release|Any CPU
		{713938CB-B194-4AA7-A510-87F98280D677}.Release|x86.ActiveCfg = Release|Any CPU
		{A4FCDE94-C9D4-404C-8605-12308F97C098}.Debug|Any CPU.ActiveCfg = Debug|Any CPU
		{A4FCDE94-C9D4-404C-8605-12308F97C098}.Debug|Any CPU.Build.0 = Debug|Any CPU
		{A4FCDE94-C9D4-404C-8605-12308F97C098}.Debug|ARM.ActiveCfg = Debug|Any CPU
		{A4FCDE94-C9D4-404C-8605-12308F97C098}.Debug|x86.ActiveCfg = Debug|Any CPU
		{A4FCDE94-C9D4-404C-8605-12308F97C098}.Release|Any CPU.ActiveCfg = Release|Any CPU
		{A4FCDE94-C9D4-404C-8605-12308F97C098}.Release|Any CPU.Build.0 = Release|Any CPU
		{A4FCDE94-C9D4-404C-8605-12308F97C098}.Release|ARM.ActiveCfg = Release|Any CPU
		{A4FCDE94-C9D4-404C-8605-12308F97C098}.Release|x86.ActiveCfg = Release|Any CPU
		{DF0FC667-3409-4ED2-9D3E-C1623D937B4C}.Debug|Any CPU.ActiveCfg = Debug|Any CPU
		{DF0FC667-3409-4ED2-9D3E-C1623D937B4C}.Debug|Any CPU.Build.0 = Debug|Any CPU
		{DF0FC667-3409-4ED2-9D3E-C1623D937B4C}.Debug|ARM.ActiveCfg = Debug|Any CPU
		{DF0FC667-3409-4ED2-9D3E-C1623D937B4C}.Debug|x86.ActiveCfg = Debug|Any CPU
		{DF0FC667-3409-4ED2-9D3E-C1623D937B4C}.Release|Any CPU.ActiveCfg = Release|Any CPU
		{DF0FC667-3409-4ED2-9D3E-C1623D937B4C}.Release|Any CPU.Build.0 = Release|Any CPU
		{DF0FC667-3409-4ED2-9D3E-C1623D937B4C}.Release|ARM.ActiveCfg = Release|Any CPU
		{DF0FC667-3409-4ED2-9D3E-C1623D937B4C}.Release|x86.ActiveCfg = Release|Any CPU
		{AC83022C-EF3C-4E71-B2E6-2602553E67EF}.Debug|Any CPU.ActiveCfg = Debug|Any CPU
		{AC83022C-EF3C-4E71-B2E6-2602553E67EF}.Debug|Any CPU.Build.0 = Debug|Any CPU
		{AC83022C-EF3C-4E71-B2E6-2602553E67EF}.Debug|Any CPU.Deploy.0 = Debug|Any CPU
		{AC83022C-EF3C-4E71-B2E6-2602553E67EF}.Debug|ARM.ActiveCfg = Debug|ARM
		{AC83022C-EF3C-4E71-B2E6-2602553E67EF}.Debug|ARM.Build.0 = Debug|ARM
		{AC83022C-EF3C-4E71-B2E6-2602553E67EF}.Debug|ARM.Deploy.0 = Debug|ARM
		{AC83022C-EF3C-4E71-B2E6-2602553E67EF}.Debug|x86.ActiveCfg = Debug|x86
		{AC83022C-EF3C-4E71-B2E6-2602553E67EF}.Debug|x86.Build.0 = Debug|x86
		{AC83022C-EF3C-4E71-B2E6-2602553E67EF}.Debug|x86.Deploy.0 = Debug|x86
		{AC83022C-EF3C-4E71-B2E6-2602553E67EF}.Release|Any CPU.ActiveCfg = Release|Any CPU
		{AC83022C-EF3C-4E71-B2E6-2602553E67EF}.Release|Any CPU.Build.0 = Release|Any CPU
		{AC83022C-EF3C-4E71-B2E6-2602553E67EF}.Release|Any CPU.Deploy.0 = Release|Any CPU
		{AC83022C-EF3C-4E71-B2E6-2602553E67EF}.Release|ARM.ActiveCfg = Release|ARM
		{AC83022C-EF3C-4E71-B2E6-2602553E67EF}.Release|ARM.Build.0 = Release|ARM
		{AC83022C-EF3C-4E71-B2E6-2602553E67EF}.Release|ARM.Deploy.0 = Release|ARM
		{AC83022C-EF3C-4E71-B2E6-2602553E67EF}.Release|x86.ActiveCfg = Release|x86
		{AC83022C-EF3C-4E71-B2E6-2602553E67EF}.Release|x86.Build.0 = Release|x86
		{AC83022C-EF3C-4E71-B2E6-2602553E67EF}.Release|x86.Deploy.0 = Release|x86
		{EF3CFAAE-7068-482F-A5AC-D7EF1D6DEC77}.Debug|Any CPU.ActiveCfg = Debug|Any CPU
		{EF3CFAAE-7068-482F-A5AC-D7EF1D6DEC77}.Debug|Any CPU.Build.0 = Debug|Any CPU
		{EF3CFAAE-7068-482F-A5AC-D7EF1D6DEC77}.Debug|ARM.ActiveCfg = Debug|Any CPU
		{EF3CFAAE-7068-482F-A5AC-D7EF1D6DEC77}.Debug|x86.ActiveCfg = Debug|Any CPU
		{EF3CFAAE-7068-482F-A5AC-D7EF1D6DEC77}.Release|Any CPU.ActiveCfg = Release|Any CPU
		{EF3CFAAE-7068-482F-A5AC-D7EF1D6DEC77}.Release|Any CPU.Build.0 = Release|Any CPU
		{EF3CFAAE-7068-482F-A5AC-D7EF1D6DEC77}.Release|ARM.ActiveCfg = Release|Any CPU
		{EF3CFAAE-7068-482F-A5AC-D7EF1D6DEC77}.Release|x86.ActiveCfg = Release|Any CPU
		{2739CE23-4B83-49A8-AB7A-6317F3B47BF7}.Debug|Any CPU.ActiveCfg = Debug|Any CPU
		{2739CE23-4B83-49A8-AB7A-6317F3B47BF7}.Debug|Any CPU.Build.0 = Debug|Any CPU
		{2739CE23-4B83-49A8-AB7A-6317F3B47BF7}.Debug|ARM.ActiveCfg = Debug|Any CPU
		{2739CE23-4B83-49A8-AB7A-6317F3B47BF7}.Debug|x86.ActiveCfg = Debug|Any CPU
		{2739CE23-4B83-49A8-AB7A-6317F3B47BF7}.Release|Any CPU.ActiveCfg = Release|Any CPU
		{2739CE23-4B83-49A8-AB7A-6317F3B47BF7}.Release|Any CPU.Build.0 = Release|Any CPU
		{2739CE23-4B83-49A8-AB7A-6317F3B47BF7}.Release|ARM.ActiveCfg = Release|Any CPU
		{2739CE23-4B83-49A8-AB7A-6317F3B47BF7}.Release|x86.ActiveCfg = Release|Any CPU
	EndGlobalSection
	GlobalSection(SolutionProperties) = preSolution
		HideSolutionNode = FALSE
	EndGlobalSection
	GlobalSection(NestedProjects) = preSolution
		{7DF7C9AD-34DD-4B2E-AF43-B1CC69C65BF8} = {BFDEDF38-7779-4B5F-9C99-11DB54C8C936}
		{49AEBAF9-6E78-4EAE-9BBD-EB938F07797B} = {BFDEDF38-7779-4B5F-9C99-11DB54C8C936}
		{D38862CC-306B-421D-8BC0-63A973567147} = {BFDEDF38-7779-4B5F-9C99-11DB54C8C936}
		{F827EA77-976C-4573-A9D6-513904A5E19F} = {BFDEDF38-7779-4B5F-9C99-11DB54C8C936}
		{9E2D87FC-0FE5-40D7-977F-3192440018BA} = {BFDEDF38-7779-4B5F-9C99-11DB54C8C936}
		{6EA63AD2-9A1B-4263-85CC-5FADD6906E96} = {BFDEDF38-7779-4B5F-9C99-11DB54C8C936}
		{47871699-877B-41F1-9C0B-32CEE10EAA45} = {529D3E9C-8EBF-475A-A53A-48B8EAB14443}
		{8308911A-8BC4-443A-9036-2F892F656B2D} = {529D3E9C-8EBF-475A-A53A-48B8EAB14443}
		{59482EAB-31E9-453F-B5BA-8F555C5E628B} = {529D3E9C-8EBF-475A-A53A-48B8EAB14443}
		{F61B0EAD-CF63-4536-8F55-F7C657DFB331} = {9407FD49-2508-4956-A63E-335D51EA4C34}
		{64033F4B-0C2E-4C54-BDBB-6988C27D8073} = {9407FD49-2508-4956-A63E-335D51EA4C34}
		{D62E2973-F702-4C96-928A-FE2E60C08B6E} = {9407FD49-2508-4956-A63E-335D51EA4C34}
		{C453E8BE-DDB1-4368-A453-9E6439885605} = {9407FD49-2508-4956-A63E-335D51EA4C34}
		{99CC2D38-EAB4-44C3-8119-3481BC127B88} = {9407FD49-2508-4956-A63E-335D51EA4C34}
		{8CA8275D-4895-484C-9823-F48B7F5E632A} = {7DF7C9AD-34DD-4B2E-AF43-B1CC69C65BF8}
		{713938CB-B194-4AA7-A510-87F98280D677} = {7DF7C9AD-34DD-4B2E-AF43-B1CC69C65BF8}
		{A4FCDE94-C9D4-404C-8605-12308F97C098} = {7DF7C9AD-34DD-4B2E-AF43-B1CC69C65BF8}
		{DF0FC667-3409-4ED2-9D3E-C1623D937B4C} = {7DF7C9AD-34DD-4B2E-AF43-B1CC69C65BF8}
		{AC83022C-EF3C-4E71-B2E6-2602553E67EF} = {7DF7C9AD-34DD-4B2E-AF43-B1CC69C65BF8}
		{EF3CFAAE-7068-482F-A5AC-D7EF1D6DEC77} = {7DF7C9AD-34DD-4B2E-AF43-B1CC69C65BF8}
		{2739CE23-4B83-49A8-AB7A-6317F3B47BF7} = {D38862CC-306B-421D-8BC0-63A973567147}
	EndGlobalSection
EndGlobal
